
Microsoft Visual Studio Solution File, Format Version 12.00
# Visual Studio 15
VisualStudioVersion = 15.0.28010.2003
MinimumVisualStudioVersion = 10.0.40219.1
Project("{FAE04EC0-301F-11D3-BF4B-00C04F79EFBC}") = "WebAppDockerSample", "WebAppDockerSample\WebAppDockerSample.csproj", "{F83797FA-75F2-46F9-AF1D-B627925E8861}"
EndProject
Global
	GlobalSection(SolutionConfigurationPlatforms) = preSolution
		Debug|Any CPU = Debug|Any CPU
		Release|Any CPU = Release|Any CPU
	EndGlobalSection
	GlobalSection(ProjectConfigurationPlatforms) = postSolution
		{F83797FA-75F2-46F9-AF1D-B627925E8861}.Debug|Any CPU.ActiveCfg = Debug|Any CPU
		{F83797FA-75F2-46F9-AF1D-B627925E8861}.Debug|Any CPU.Build.0 = Debug|Any CPU
		{F83797FA-75F2-46F9-AF1D-B627925E8861}.Release|Any CPU.ActiveCfg = Release|Any CPU
		{F83797FA-75F2-46F9-AF1D-B627925E8861}.Release|Any CPU.Build.0 = Release|Any CPU
	EndGlobalSection
	GlobalSection(SolutionProperties) = preSolution
		HideSolutionNode = FALSE
	EndGlobalSection
	GlobalSection(ExtensibilityGlobals) = postSolution
		SolutionGuid = {E9B0A8AB-83FE-4184-8F03-34AF0EBB684B}
	EndGlobalSection
EndGlobal
